
Microsoft Visual Studio Solution File, Format Version 12.00
# Visual Studio Version 16
VisualStudioVersion = 16.0.30225.117
MinimumVisualStudioVersion = 10.0.40219.1
Project("{FAE04EC0-301F-11D3-BF4B-00C04F79EFBC}") = "WebAppADB2C", "WebAppADB2C\WebAppADB2C.csproj", "{ECEA1478-4892-44AB-9FE4-C889D3C2602D}"
EndProject
Global
	GlobalSection(SolutionConfigurationPlatforms) = preSolution
		Debug|Any CPU = Debug|Any CPU
		Release|Any CPU = Release|Any CPU
	EndGlobalSection
	GlobalSection(ProjectConfigurationPlatforms) = postSolution
		{ECEA1478-4892-44AB-9FE4-C889D3C2602D}.Debug|Any CPU.ActiveCfg = Debug|Any CPU
		{ECEA1478-4892-44AB-9FE4-C889D3C2602D}.Debug|Any CPU.Build.0 = Debug|Any CPU
		{ECEA1478-4892-44AB-9FE4-C889D3C2602D}.Release|Any CPU.ActiveCfg = Release|Any CPU
		{ECEA1478-4892-44AB-9FE4-C889D3C2602D}.Release|Any CPU.Build.0 = Release|Any CPU
	EndGlobalSection
	GlobalSection(SolutionProperties) = preSolution
		HideSolutionNode = FALSE
	EndGlobalSection
	GlobalSection(ExtensibilityGlobals) = postSolution
		SolutionGuid = {41C87F55-016D-41DB-B0CC-FC4D244EAEDC}
	EndGlobalSection
EndGlobal
